// !$*UTF8*$!
{
	archiveVersion = 1;
	classes = {
	};
	objectVersion = 46;
	objects = {

/* Begin PBXBuildFile section */
		590EDFF31C9EC44800E5E3C7 /* Login.xib in Resources */ = {isa = PBXBuildFile; fileRef = 590EDFF11C9EC44800E5E3C7 /* Login.xib */; };
		5928374B1C9D51C8008F8CB3 /* salto.jpg in Resources */ = {isa = PBXBuildFile; fileRef = 5928374A1C9D51C8008F8CB3 /* salto.jpg */; };
		59AD17301C9AEDD500FEB73A /* main.m in Sources */ = {isa = PBXBuildFile; fileRef = 59AD172F1C9AEDD500FEB73A /* main.m */; };
		59AD17331C9AEDD500FEB73A /* AppDelegate.m in Sources */ = {isa = PBXBuildFile; fileRef = 59AD17321C9AEDD500FEB73A /* AppDelegate.m */; };
		59AD17361C9AEDD500FEB73A /* Login.m in Sources */ = {isa = PBXBuildFile; fileRef = 59AD17351C9AEDD500FEB73A /* Login.m */; };
		59AD173C1C9AEDD500FEB73A /* Lock_Pro.xcdatamodeld in Sources */ = {isa = PBXBuildFile; fileRef = 59AD173A1C9AEDD500FEB73A /* Lock_Pro.xcdatamodeld */; };
		59AD173E1C9AEDD500FEB73A /* Assets.xcassets in Resources */ = {isa = PBXBuildFile; fileRef = 59AD173D1C9AEDD500FEB73A /* Assets.xcassets */; };
		59AD17411C9AEDD500FEB73A /* LaunchScreen.storyboard in Resources */ = {isa = PBXBuildFile; fileRef = 59AD173F1C9AEDD500FEB73A /* LaunchScreen.storyboard */; };
		59E57FBD1C9DAB990046E4FA /* DoorsTab.m in Sources */ = {isa = PBXBuildFile; fileRef = 59E57FBC1C9DAB990046E4FA /* DoorsTab.m */; };
		59E57FC01C9DACB90046E4FA /* TabBar.m in Sources */ = {isa = PBXBuildFile; fileRef = 59E57FBF1C9DACB90046E4FA /* TabBar.m */; };
		59E57FEC1C9E0C1E0046E4FA /* NavigationController.m in Sources */ = {isa = PBXBuildFile; fileRef = 59E57FEB1C9E0C1E0046E4FA /* NavigationController.m */; };
		59E57FF01C9E0F1D0046E4FA /* wood.png in Resources */ = {isa = PBXBuildFile; fileRef = 59E57FEF1C9E0F1D0046E4FA /* wood.png */; };
		59E57FF41C9E1D300046E4FA /* MoreTab.m in Sources */ = {isa = PBXBuildFile; fileRef = 59E57FF21C9E1D300046E4FA /* MoreTab.m */; };
		59E57FF51C9E1D300046E4FA /* MoreTab.xib in Resources */ = {isa = PBXBuildFile; fileRef = 59E57FF31C9E1D300046E4FA /* MoreTab.xib */; };
/* End PBXBuildFile section */

/* Begin PBXFileReference section */
		590EDFF11C9EC44800E5E3C7 /* Login.xib */ = {isa = PBXFileReference; fileEncoding = 4; lastKnownFileType = file.xib; path = Login.xib; sourceTree = "<group>"; };
		5928374A1C9D51C8008F8CB3 /* salto.jpg */ = {isa = PBXFileReference; lastKnownFileType = image.jpeg; path = salto.jpg; sourceTree = "<group>"; };
		59AD172B1C9AEDD500FEB73A /* Lock Pro.app */ = {isa = PBXFileReference; explicitFileType = wrapper.application; includeInIndex = 0; path = "Lock Pro.app"; sourceTree = BUILT_PRODUCTS_DIR; };
		59AD172F1C9AEDD500FEB73A /* main.m */ = {isa = PBXFileReference; lastKnownFileType = sourcecode.c.objc; path = main.m; sourceTree = "<group>"; };
		59AD17311C9AEDD500FEB73A /* AppDelegate.h */ = {isa = PBXFileReference; lastKnownFileType = sourcecode.c.h; path = AppDelegate.h; sourceTree = "<group>"; };
		59AD17321C9AEDD500FEB73A /* AppDelegate.m */ = {isa = PBXFileReference; lastKnownFileType = sourcecode.c.objc; path = AppDelegate.m; sourceTree = "<group>"; };
		59AD17341C9AEDD500FEB73A /* Login.h */ = {isa = PBXFileReference; lastKnownFileType = sourcecode.c.h; path = Login.h; sourceTree = "<group>"; };
		59AD17351C9AEDD500FEB73A /* Login.m */ = {isa = PBXFileReference; lastKnownFileType = sourcecode.c.objc; path = Login.m; sourceTree = "<group>"; };
		59AD173B1C9AEDD500FEB73A /* Lock_Pro.xcdatamodel */ = {isa = PBXFileReference; lastKnownFileType = wrapper.xcdatamodel; path = Lock_Pro.xcdatamodel; sourceTree = "<group>"; };
		59AD173D1C9AEDD500FEB73A /* Assets.xcassets */ = {isa = PBXFileReference; lastKnownFileType = folder.assetcatalog; path = Assets.xcassets; sourceTree = "<group>"; };
		59AD17401C9AEDD500FEB73A /* Base */ = {isa = PBXFileReference; lastKnownFileType = file.storyboard; name = Base; path = Base.lproj/LaunchScreen.storyboard; sourceTree = "<group>"; };
		59AD17421C9AEDD500FEB73A /* Info.plist */ = {isa = PBXFileReference; lastKnownFileType = text.plist.xml; path = Info.plist; sourceTree = "<group>"; };
		59E57FBB1C9DAB990046E4FA /* DoorsTab.h */ = {isa = PBXFileReference; fileEncoding = 4; lastKnownFileType = sourcecode.c.h; path = DoorsTab.h; sourceTree = "<group>"; };
		59E57FBC1C9DAB990046E4FA /* DoorsTab.m */ = {isa = PBXFileReference; fileEncoding = 4; lastKnownFileType = sourcecode.c.objc; path = DoorsTab.m; sourceTree = "<group>"; };
		59E57FBE1C9DACB90046E4FA /* TabBar.h */ = {isa = PBXFileReference; fileEncoding = 4; lastKnownFileType = sourcecode.c.h; path = TabBar.h; sourceTree = "<group>"; };
		59E57FBF1C9DACB90046E4FA /* TabBar.m */ = {isa = PBXFileReference; fileEncoding = 4; lastKnownFileType = sourcecode.c.objc; path = TabBar.m; sourceTree = "<group>"; };
		59E57FEA1C9E0C1E0046E4FA /* NavigationController.h */ = {isa = PBXFileReference; fileEncoding = 4; lastKnownFileType = sourcecode.c.h; path = NavigationController.h; sourceTree = "<group>"; };
		59E57FEB1C9E0C1E0046E4FA /* NavigationController.m */ = {isa = PBXFileReference; fileEncoding = 4; lastKnownFileType = sourcecode.c.objc; path = NavigationController.m; sourceTree = "<group>"; };
		59E57FEF1C9E0F1D0046E4FA /* wood.png */ = {isa = PBXFileReference; lastKnownFileType = image.png; path = wood.png; sourceTree = "<group>"; };
		59E57FF11C9E1D300046E4FA /* MoreTab.h */ = {isa = PBXFileReference; fileEncoding = 4; lastKnownFileType = sourcecode.c.h; path = MoreTab.h; sourceTree = "<group>"; };
		59E57FF21C9E1D300046E4FA /* MoreTab.m */ = {isa = PBXFileReference; fileEncoding = 4; lastKnownFileType = sourcecode.c.objc; path = MoreTab.m; sourceTree = "<group>"; };
		59E57FF31C9E1D300046E4FA /* MoreTab.xib */ = {isa = PBXFileReference; fileEncoding = 4; lastKnownFileType = file.xib; path = MoreTab.xib; sourceTree = "<group>"; };
/* End PBXFileReference section */

/* Begin PBXFrameworksBuildPhase section */
		59AD17281C9AEDD500FEB73A /* Frameworks */ = {
			isa = PBXFrameworksBuildPhase;
			buildActionMask = 2147483647;
			files = (
			);
			runOnlyForDeploymentPostprocessing = 0;
		};
/* End PBXFrameworksBuildPhase section */

/* Begin PBXGroup section */
		592837451C9D4F18008F8CB3 /* Images */ = {
			isa = PBXGroup;
			children = (
				59E57FEF1C9E0F1D0046E4FA /* wood.png */,
				5928374A1C9D51C8008F8CB3 /* salto.jpg */,
			);
			path = Images;
			sourceTree = "<group>";
		};
		59AD17221C9AEDD500FEB73A = {
			isa = PBXGroup;
			children = (
				59AD172D1C9AEDD500FEB73A /* Lock Pro */,
				59AD172C1C9AEDD500FEB73A /* Products */,
			);
			sourceTree = "<group>";
		};
		59AD172C1C9AEDD500FEB73A /* Products */ = {
			isa = PBXGroup;
			children = (
				59AD172B1C9AEDD500FEB73A /* Lock Pro.app */,
			);
			name = Products;
			sourceTree = "<group>";
		};
		59AD172D1C9AEDD500FEB73A /* Lock Pro */ = {
			isa = PBXGroup;
			children = (
				592837451C9D4F18008F8CB3 /* Images */,
				59AD17311C9AEDD500FEB73A /* AppDelegate.h */,
				59AD17321C9AEDD500FEB73A /* AppDelegate.m */,
				59AD17341C9AEDD500FEB73A /* Login.h */,
				59AD17351C9AEDD500FEB73A /* Login.m */,
				590EDFF11C9EC44800E5E3C7 /* Login.xib */,
				59AD173D1C9AEDD500FEB73A /* Assets.xcassets */,
				59AD173F1C9AEDD500FEB73A /* LaunchScreen.storyboard */,
				59AD17421C9AEDD500FEB73A /* Info.plist */,
				59AD173A1C9AEDD500FEB73A /* Lock_Pro.xcdatamodeld */,
				59AD172E1C9AEDD500FEB73A /* Supporting Files */,
				59E57FBB1C9DAB990046E4FA /* DoorsTab.h */,
				59E57FBC1C9DAB990046E4FA /* DoorsTab.m */,
				59E57FBE1C9DACB90046E4FA /* TabBar.h */,
				59E57FBF1C9DACB90046E4FA /* TabBar.m */,
				59E57FEA1C9E0C1E0046E4FA /* NavigationController.h */,
				59E57FEB1C9E0C1E0046E4FA /* NavigationController.m */,
				59E57FF11C9E1D300046E4FA /* MoreTab.h */,
				59E57FF21C9E1D300046E4FA /* MoreTab.m */,
				59E57FF31C9E1D300046E4FA /* MoreTab.xib */,
			);
			path = "Lock Pro";
			sourceTree = "<group>";
		};
		59AD172E1C9AEDD500FEB73A /* Supporting Files */ = {
			isa = PBXGroup;
			children = (
				59AD172F1C9AEDD500FEB73A /* main.m */,
			);
			name = "Supporting Files";
			sourceTree = "<group>";
		};
/* End PBXGroup section */

/* Begin PBXNativeTarget section */
		59AD172A1C9AEDD500FEB73A /* Lock Pro */ = {
			isa = PBXNativeTarget;
			buildConfigurationList = 59AD17451C9AEDD500FEB73A /* Build configuration list for PBXNativeTarget "Lock Pro" */;
			buildPhases = (
				59AD17271C9AEDD500FEB73A /* Sources */,
				59AD17281C9AEDD500FEB73A /* Frameworks */,
				59AD17291C9AEDD500FEB73A /* Resources */,
			);
			buildRules = (
			);
			dependencies = (
			);
			name = "Lock Pro";
			productName = "Lock Pro";
			productReference = 59AD172B1C9AEDD500FEB73A /* Lock Pro.app */;
			productType = "com.apple.product-type.application";
		};
/* End PBXNativeTarget section */

/* Begin PBXProject section */
		59AD17231C9AEDD500FEB73A /* Project object */ = {
			isa = PBXProject;
			attributes = {
				LastUpgradeCheck = 0720;
				ORGANIZATIONNAME = nav;
				TargetAttributes = {
					59AD172A1C9AEDD500FEB73A = {
						CreatedOnToolsVersion = 7.2.1;
					};
				};
			};
			buildConfigurationList = 59AD17261C9AEDD500FEB73A /* Build configuration list for PBXProject "Lock Pro" */;
			compatibilityVersion = "Xcode 3.2";
			developmentRegion = English;
			hasScannedForEncodings = 0;
			knownRegions = (
				en,
				Base,
			);
			mainGroup = 59AD17221C9AEDD500FEB73A;
			productRefGroup = 59AD172C1C9AEDD500FEB73A /* Products */;
			projectDirPath = "";
			projectRoot = "";
			targets = (
				59AD172A1C9AEDD500FEB73A /* Lock Pro */,
			);
		};
/* End PBXProject section */

/* Begin PBXResourcesBuildPhase section */
		59AD17291C9AEDD500FEB73A /* Resources */ = {
			isa = PBXResourcesBuildPhase;
			buildActionMask = 2147483647;
			files = (
				59AD17411C9AEDD500FEB73A /* LaunchScreen.storyboard in Resources */,
				59E57FF01C9E0F1D0046E4FA /* wood.png in Resources */,
				590EDFF31C9EC44800E5E3C7 /* Login.xib in Resources */,
				59E57FF51C9E1D300046E4FA /* MoreTab.xib in Resources */,
				59AD173E1C9AEDD500FEB73A /* Assets.xcassets in Resources */,
				5928374B1C9D51C8008F8CB3 /* salto.jpg in Resources */,
			);
			runOnlyForDeploymentPostprocessing = 0;
		};
/* End PBXResourcesBuildPhase section */

/* Begin PBXSourcesBuildPhase section */
		59AD17271C9AEDD500FEB73A /* Sources */ = {
			isa = PBXSourcesBuildPhase;
			buildActionMask = 2147483647;
			files = (
				59E57FF41C9E1D300046E4FA /* MoreTab.m in Sources */,
				59AD17361C9AEDD500FEB73A /* Login.m in Sources */,
				59E57FBD1C9DAB990046E4FA /* DoorsTab.m in Sources */,
				59AD17331C9AEDD500FEB73A /* AppDelegate.m in Sources */,
				59E57FC01C9DACB90046E4FA /* TabBar.m in Sources */,
				59AD173C1C9AEDD500FEB73A /* Lock_Pro.xcdatamodeld in Sources */,
				59AD17301C9AEDD500FEB73A /* main.m in Sources */,
				59E57FEC1C9E0C1E0046E4FA /* NavigationController.m in Sources */,
			);
			runOnlyForDeploymentPostprocessing = 0;
		};
/* End PBXSourcesBuildPhase section */

/* Begin PBXVariantGroup section */
		59AD173F1C9AEDD500FEB73A /* LaunchScreen.storyboard */ = {
			isa = PBXVariantGroup;
			children = (
				59AD17401C9AEDD500FEB73A /* Base */,
			);
			name = LaunchScreen.storyboard;
			sourceTree = "<group>";
		};
/* End PBXVariantGroup section */

/* Begin XCBuildConfiguration section */
		59AD17431C9AEDD500FEB73A /* Debug */ = {
			isa = XCBuildConfiguration;
			buildSettings = {
				ALWAYS_SEARCH_USER_PATHS = NO;
				CLANG_CXX_LANGUAGE_STANDARD = "gnu++0x";
				CLANG_CXX_LIBRARY = "libc++";
				CLANG_ENABLE_MODULES = YES;
				CLANG_ENABLE_OBJC_ARC = YES;
				CLANG_WARN_BOOL_CONVERSION = YES;
				CLANG_WARN_CONSTANT_CONVERSION = YES;
				CLANG_WARN_DIRECT_OBJC_ISA_USAGE = YES_ERROR;
				CLANG_WARN_EMPTY_BODY = YES;
				CLANG_WARN_ENUM_CONVERSION = YES;
				CLANG_WARN_INT_CONVERSION = YES;
				CLANG_WARN_OBJC_ROOT_CLASS = YES_ERROR;
				CLANG_WARN_UNREACHABLE_CODE = YES;
				CLANG_WARN__DUPLICATE_METHOD_MATCH = YES;
				"CODE_SIGN_IDENTITY[sdk=iphoneos*]" = "iPhone Developer";
				COPY_PHASE_STRIP = NO;
				DEBUG_INFORMATION_FORMAT = dwarf;
				ENABLE_STRICT_OBJC_MSGSEND = YES;
				ENABLE_TESTABILITY = YES;
				GCC_C_LANGUAGE_STANDARD = gnu99;
				GCC_DYNAMIC_NO_PIC = NO;
				GCC_NO_COMMON_BLOCKS = YES;
				GCC_OPTIMIZATION_LEVEL = 0;
				GCC_PREPROCESSOR_DEFINITIONS = (
					"DEBUG=1",
					"$(inherited)",
				);
				GCC_WARN_64_TO_32_BIT_CONVERSION = YES;
				GCC_WARN_ABOUT_RETURN_TYPE = YES_ERROR;
				GCC_WARN_UNDECLARED_SELECTOR = YES;
				GCC_WARN_UNINITIALIZED_AUTOS = YES_AGGRESSIVE;
				GCC_WARN_UNUSED_FUNCTION = YES;
				GCC_WARN_UNUSED_VARIABLE = YES;
				IPHONEOS_DEPLOYMENT_TARGET = 9.2;
				MTL_ENABLE_DEBUG_INFO = YES;
				ONLY_ACTIVE_ARCH = YES;
				SDKROOT = iphoneos;
				TARGETED_DEVICE_FAMILY = "1,2";
			};
			name = Debug;
		};
		59AD17441C9AEDD500FEB73A /* Release */ = {
			isa = XCBuildConfiguration;
			buildSettings = {
				ALWAYS_SEARCH_USER_PATHS = NO;
				CLANG_CXX_LANGUAGE_STANDARD = "gnu++0x";
				CLANG_CXX_LIBRARY = "libc++";
				CLANG_ENABLE_MODULES = YES;
				CLANG_ENABLE_OBJC_ARC = YES;
				CLANG_WARN_BOOL_CONVERSION = YES;
				CLANG_WARN_CONSTANT_CONVERSION = YES;
				CLANG_WARN_DIRECT_OBJC_ISA_USAGE = YES_ERROR;
				CLANG_WARN_EMPTY_BODY = YES;
				CLANG_WARN_ENUM_CONVERSION = YES;
				CLANG_WARN_INT_CONVERSION = YES;
				CLANG_WARN_OBJC_ROOT_CLASS = YES_ERROR;
				CLANG_WARN_UNREACHABLE_CODE = YES;
				CLANG_WARN__DUPLICATE_METHOD_MATCH = YES;
				"CODE_SIGN_IDENTITY[sdk=iphoneos*]" = "iPhone Developer";
				COPY_PHASE_STRIP = NO;
				DEBUG_INFORMATION_FORMAT = "dwarf-with-dsym";
				ENABLE_NS_ASSERTIONS = NO;
				ENABLE_STRICT_OBJC_MSGSEND = YES;
				GCC_C_LANGUAGE_STANDARD = gnu99;
				GCC_NO_COMMON_BLOCKS = YES;
				GCC_WARN_64_TO_32_BIT_CONVERSION = YES;
				GCC_WARN_ABOUT_RETURN_TYPE = YES_ERROR;
				GCC_WARN_UNDECLARED_SELECTOR = YES;
				GCC_WARN_UNINITIALIZED_AUTOS = YES_AGGRESSIVE;
				GCC_WARN_UNUSED_FUNCTION = YES;
				GCC_WARN_UNUSED_VARIABLE = YES;
				IPHONEOS_DEPLOYMENT_TARGET = 9.2;
				MTL_ENABLE_DEBUG_INFO = NO;
				SDKROOT = iphoneos;
				TARGETED_DEVICE_FAMILY = "1,2";
				VALIDATE_PRODUCT = YES;
			};
			name = Release;
		};
		59AD17461C9AEDD500FEB73A /* Debug */ = {
			isa = XCBuildConfiguration;
			buildSettings = {
				ASSETCATALOG_COMPILER_APPICON_NAME = AppIcon;
				ASSETCATALOG_COMPILER_LAUNCHIMAGE_NAME = "Brand Assets";
				INFOPLIST_FILE = "Lock Pro/Info.plist";
				IPHONEOS_DEPLOYMENT_TARGET = 7.0;
				LD_RUNPATH_SEARCH_PATHS = "$(inherited) @executable_path/Frameworks";
				PRODUCT_BUNDLE_IDENTIFIER = "com.nav.Lock-Pro";
				PRODUCT_NAME = "$(TARGET_NAME)";
			};
			name = Debug;
		};
		59AD17471C9AEDD500FEB73A /* Release */ = {
			isa = XCBuildConfiguration;
			buildSettings = {
				ASSETCATALOG_COMPILER_APPICON_NAME = AppIcon;
				ASSETCATALOG_COMPILER_LAUNCHIMAGE_NAME = "Brand Assets";
				INFOPLIST_FILE = "Lock Pro/Info.plist";
				IPHONEOS_DEPLOYMENT_TARGET = 7.0;
				LD_RUNPATH_SEARCH_PATHS = "$(inherited) @executable_path/Frameworks";
				PRODUCT_BUNDLE_IDENTIFIER = "com.nav.Lock-Pro";
				PRODUCT_NAME = "$(TARGET_NAME)";
			};
			name = Release;
		};
/* End XCBuildConfiguration section */

/* Begin XCConfigurationList section */
		59AD17261C9AEDD500FEB73A /* Build configuration list for PBXProject "Lock Pro" */ = {
			isa = XCConfigurationList;
			buildConfigurations = (
				59AD17431C9AEDD500FEB73A /* Debug */,
				59AD17441C9AEDD500FEB73A /* Release */,
			);
			defaultConfigurationIsVisible = 0;
			defaultConfigurationName = Release;
		};
		59AD17451C9AEDD500FEB73A /* Build configuration list for PBXNativeTarget "Lock Pro" */ = {
			isa = XCConfigurationList;
			buildConfigurations = (
				59AD17461C9AEDD500FEB73A /* Debug */,
				59AD17471C9AEDD500FEB73A /* Release */,
			);
			defaultConfigurationIsVisible = 0;
			defaultConfigurationName = Release;
		};
/* End XCConfigurationList section */

/* Begin XCVersionGroup section */
		59AD173A1C9AEDD500FEB73A /* Lock_Pro.xcdatamodeld */ = {
			isa = XCVersionGroup;
			children = (
				59AD173B1C9AEDD500FEB73A /* Lock_Pro.xcdatamodel */,
			);
			currentVersion = 59AD173B1C9AEDD500FEB73A /* Lock_Pro.xcdatamodel */;
			path = Lock_Pro.xcdatamodeld;
			sourceTree = "<group>";
			versionGroupType = wrapper.xcdatamodel;
		};
/* End XCVersionGroup section */
	};
	rootObject = 59AD17231C9AEDD500FEB73A /* Project object */;
}
